
Microsoft Visual Studio Solution File, Format Version 12.00
# Visual Studio Version 17
VisualStudioVersion = 17.8.34511.84
MinimumVisualStudioVersion = 10.0.40219.1
Project("{FAE04EC0-301F-11D3-BF4B-00C04F79EFBC}") = "DeltaIntensity", "DeltaIntensity.csproj", "{DD122955-0B8E-4394-8937-1A643C0B8179}"
EndProject
Global
	GlobalSection(SolutionConfigurationPlatforms) = preSolution
		Debug|Any CPU = Debug|Any CPU
		Release|Any CPU = Release|Any CPU
	EndGlobalSection
	GlobalSection(ProjectConfigurationPlatforms) = postSolution
		{DD122955-0B8E-4394-8937-1A643C0B8179}.Debug|Any CPU.ActiveCfg = Debug|Any CPU
		{DD122955-0B8E-4394-8937-1A643C0B8179}.Debug|Any CPU.Build.0 = Debug|Any CPU
		{DD122955-0B8E-4394-8937-1A643C0B8179}.Release|Any CPU.ActiveCfg = Release|Any CPU
		{DD122955-0B8E-4394-8937-1A643C0B8179}.Release|Any CPU.Build.0 = Release|Any CPU
	EndGlobalSection
	GlobalSection(SolutionProperties) = preSolution
		HideSolutionNode = FALSE
	EndGlobalSection
	GlobalSection(ExtensibilityGlobals) = postSolution
		SolutionGuid = {0490C1D1-A2B1-4D2D-9F29-FFB51A1D7D32}
	EndGlobalSection
EndGlobal
